
Microsoft Visual Studio Solution File, Format Version 12.00
# Visual Studio 15
VisualStudioVersion = 15.0.27004.2005
MinimumVisualStudioVersion = 10.0.40219.1
Project("{8BC9CEB8-8B4A-11D0-8D11-00A0C91BC942}") = "LocateLicensePlate", "LocateLicensePlate\LocateLicensePlate.vcxproj", "{9A6DC1D6-2581-4E01-8843-D983162B19E2}"
EndProject
Project("{8BC9CEB8-8B4A-11D0-8D11-00A0C91BC942}") = "LicencePlateVideo", "LicencePlateVideo\LicencePlateVideo.vcxproj", "{F0065D51-5EF7-45FC-9E0B-0E0C69264CE0}"
EndProject
Project("{8BC9CEB8-8B4A-11D0-8D11-00A0C91BC942}") = "LicencePlateRecognize", "LicencePlateRecognize\LicencePlateRecognize.vcxproj", "{E51CC99F-B7BD-4108-A42D-7532F43569EE}"
EndProject
Project("{8BC9CEB8-8B4A-11D0-8D11-00A0C91BC942}") = "LisencePlateRrcognizeVideo", "LisencePlateRrcognizeVideo\LisencePlateRrcognizeVideo.vcxproj", "{ED9581D6-4AF0-4186-9A23-94D94529D59E}"
EndProject
Global
	GlobalSection(SolutionConfigurationPlatforms) = preSolution
		Debug|x64 = Debug|x64
		Debug|x86 = Debug|x86
		Release|x64 = Release|x64
		Release|x86 = Release|x86
	EndGlobalSection
	GlobalSection(ProjectConfigurationPlatforms) = postSolution
		{9A6DC1D6-2581-4E01-8843-D983162B19E2}.Debug|x64.ActiveCfg = Debug|x64
		{9A6DC1D6-2581-4E01-8843-D983162B19E2}.Debug|x64.Build.0 = Debug|x64
		{9A6DC1D6-2581-4E01-8843-D983162B19E2}.Debug|x86.ActiveCfg = Debug|Win32
		{9A6DC1D6-2581-4E01-8843-D983162B19E2}.Debug|x86.Build.0 = Debug|Win32
		{9A6DC1D6-2581-4E01-8843-D983162B19E2}.Release|x64.ActiveCfg = Release|x64
		{9A6DC1D6-2581-4E01-8843-D983162B19E2}.Release|x64.Build.0 = Release|x64
		{9A6DC1D6-2581-4E01-8843-D983162B19E2}.Release|x86.ActiveCfg = Release|Win32
		{9A6DC1D6-2581-4E01-8843-D983162B19E2}.Release|x86.Build.0 = Release|Win32
		{F0065D51-5EF7-45FC-9E0B-0E0C69264CE0}.Debug|x64.ActiveCfg = Debug|x64
		{F0065D51-5EF7-45FC-9E0B-0E0C69264CE0}.Debug|x64.Build.0 = Debug|x64
		{F0065D51-5EF7-45FC-9E0B-0E0C69264CE0}.Debug|x86.ActiveCfg = Debug|Win32
		{F0065D51-5EF7-45FC-9E0B-0E0C69264CE0}.Debug|x86.Build.0 = Debug|Win32
		{F0065D51-5EF7-45FC-9E0B-0E0C69264CE0}.Release|x64.ActiveCfg = Release|x64
		{F0065D51-5EF7-45FC-9E0B-0E0C69264CE0}.Release|x64.Build.0 = Release|x64
		{F0065D51-5EF7-45FC-9E0B-0E0C69264CE0}.Release|x86.ActiveCfg = Release|Win32
		{F0065D51-5EF7-45FC-9E0B-0E0C69264CE0}.Release|x86.Build.0 = Release|Win32
		{E51CC99F-B7BD-4108-A42D-7532F43569EE}.Debug|x64.ActiveCfg = Debug|x64
		{E51CC99F-B7BD-4108-A42D-7532F43569EE}.Debug|x64.Build.0 = Debug|x64
		{E51CC99F-B7BD-4108-A42D-7532F43569EE}.Debug|x86.ActiveCfg = Debug|Win32
		{E51CC99F-B7BD-4108-A42D-7532F43569EE}.Debug|x86.Build.0 = Debug|Win32
		{E51CC99F-B7BD-4108-A42D-7532F43569EE}.Release|x64.ActiveCfg = Release|x64
		{E51CC99F-B7BD-4108-A42D-7532F43569EE}.Release|x64.Build.0 = Release|x64
		{E51CC99F-B7BD-4108-A42D-7532F43569EE}.Release|x86.ActiveCfg = Release|Win32
		{E51CC99F-B7BD-4108-A42D-7532F43569EE}.Release|x86.Build.0 = Release|Win32
		{ED9581D6-4AF0-4186-9A23-94D94529D59E}.Debug|x64.ActiveCfg = Debug|x64
		{ED9581D6-4AF0-4186-9A23-94D94529D59E}.Debug|x64.Build.0 = Debug|x64
		{ED9581D6-4AF0-4186-9A23-94D94529D59E}.Debug|x86.ActiveCfg = Debug|Win32
		{ED9581D6-4AF0-4186-9A23-94D94529D59E}.Debug|x86.Build.0 = Debug|Win32
		{ED9581D6-4AF0-4186-9A23-94D94529D59E}.Release|x64.ActiveCfg = Release|x64
		{ED9581D6-4AF0-4186-9A23-94D94529D59E}.Release|x64.Build.0 = Release|x64
		{ED9581D6-4AF0-4186-9A23-94D94529D59E}.Release|x86.ActiveCfg = Release|Win32
		{ED9581D6-4AF0-4186-9A23-94D94529D59E}.Release|x86.Build.0 = Release|Win32
	EndGlobalSection
	GlobalSection(SolutionProperties) = preSolution
		HideSolutionNode = FALSE
	EndGlobalSection
	GlobalSection(ExtensibilityGlobals) = postSolution
		SolutionGuid = {55A96F76-5EBB-4619-B5A4-8B59A3770E46}
	EndGlobalSection
EndGlobal
